
Microsoft Visual Studio Solution File, Format Version 12.00
# Visual Studio Version 17
VisualStudioVersion = 17.3.32825.248
MinimumVisualStudioVersion = 10.0.40219.1
Project("{FAE04EC0-301F-11D3-BF4B-00C04F79EFBC}") = "HolaMundo", "HolaMundo\HolaMundo.csproj", "{409795ED-CCD2-4AFF-A6C1-986C33D6DAA0}"
EndProject
Global
	GlobalSection(SolutionConfigurationPlatforms) = preSolution
		Debug|Any CPU = Debug|Any CPU
		Release|Any CPU = Release|Any CPU
	EndGlobalSection
	GlobalSection(ProjectConfigurationPlatforms) = postSolution
		{409795ED-CCD2-4AFF-A6C1-986C33D6DAA0}.Debug|Any CPU.ActiveCfg = Debug|Any CPU
		{409795ED-CCD2-4AFF-A6C1-986C33D6DAA0}.Debug|Any CPU.Build.0 = Debug|Any CPU
		{409795ED-CCD2-4AFF-A6C1-986C33D6DAA0}.Release|Any CPU.ActiveCfg = Release|Any CPU
		{409795ED-CCD2-4AFF-A6C1-986C33D6DAA0}.Release|Any CPU.Build.0 = Release|Any CPU
	EndGlobalSection
	GlobalSection(SolutionProperties) = preSolution
		HideSolutionNode = FALSE
	EndGlobalSection
	GlobalSection(ExtensibilityGlobals) = postSolution
		SolutionGuid = {E4F68679-B291-4A22-8EE2-63CCAC7E0FAD}
	EndGlobalSection
EndGlobal
