
Microsoft Visual Studio Solution File, Format Version 12.00
# Visual Studio Version 17
VisualStudioVersion = 17.3.32825.248
MinimumVisualStudioVersion = 10.0.40219.1
Project("{9A19103F-16F7-4668-BE54-9A1E7A4F7556}") = "PracticaIEnumerables", "PracticaIEnumerables\PracticaIEnumerables.csproj", "{AB02409D-246A-433A-9F6B-3A83392E0BB2}"
EndProject
Global
	GlobalSection(SolutionConfigurationPlatforms) = preSolution
		Debug|Any CPU = Debug|Any CPU
		Release|Any CPU = Release|Any CPU
	EndGlobalSection
	GlobalSection(ProjectConfigurationPlatforms) = postSolution
		{AB02409D-246A-433A-9F6B-3A83392E0BB2}.Debug|Any CPU.ActiveCfg = Debug|Any CPU
		{AB02409D-246A-433A-9F6B-3A83392E0BB2}.Debug|Any CPU.Build.0 = Debug|Any CPU
		{AB02409D-246A-433A-9F6B-3A83392E0BB2}.Release|Any CPU.ActiveCfg = Release|Any CPU
		{AB02409D-246A-433A-9F6B-3A83392E0BB2}.Release|Any CPU.Build.0 = Release|Any CPU
	EndGlobalSection
	GlobalSection(SolutionProperties) = preSolution
		HideSolutionNode = FALSE
	EndGlobalSection
	GlobalSection(ExtensibilityGlobals) = postSolution
		SolutionGuid = {C4A31FBF-37A3-4894-A662-0E60F92647DB}
	EndGlobalSection
EndGlobal
